// !$*UTF8*$!
{
	archiveVersion = 1;
	classes = {
	};
	objectVersion = 55;
	objects = {

/* Begin PBXBuildFile section */
		A4A523892747B33E006B22F9 /* AppDelegate.swift in Sources */ = {isa = PBXBuildFile; fileRef = A4A523882747B33E006B22F9 /* AppDelegate.swift */; };
		A4A5238B2747B33E006B22F9 /* SceneDelegate.swift in Sources */ = {isa = PBXBuildFile; fileRef = A4A5238A2747B33E006B22F9 /* SceneDelegate.swift */; };
		A4A523902747B33E006B22F9 /* Main.storyboard in Resources */ = {isa = PBXBuildFile; fileRef = A4A5238E2747B33E006B22F9 /* Main.storyboard */; };
		A4A523922747B343006B22F9 /* Assets.xcassets in Resources */ = {isa = PBXBuildFile; fileRef = A4A523912747B343006B22F9 /* Assets.xcassets */; };
		A4A523952747B343006B22F9 /* LaunchScreen.storyboard in Resources */ = {isa = PBXBuildFile; fileRef = A4A523932747B343006B22F9 /* LaunchScreen.storyboard */; };
		A4A523A02747B344006B22F9 /* TeleprompterRecorderTests.swift in Sources */ = {isa = PBXBuildFile; fileRef = A4A5239F2747B344006B22F9 /* TeleprompterRecorderTests.swift */; };
		A4A523AA2747B344006B22F9 /* TeleprompterRecorderUITests.swift in Sources */ = {isa = PBXBuildFile; fileRef = A4A523A92747B344006B22F9 /* TeleprompterRecorderUITests.swift */; };
		A4A523AC2747B344006B22F9 /* TeleprompterRecorderUITestsLaunchTests.swift in Sources */ = {isa = PBXBuildFile; fileRef = A4A523AB2747B344006B22F9 /* TeleprompterRecorderUITestsLaunchTests.swift */; };
		A4A523BA2747B68E006B22F9 /* RxBlocking in Frameworks */ = {isa = PBXBuildFile; productRef = A4A523B92747B68E006B22F9 /* RxBlocking */; };
		A4A523BC2747B68E006B22F9 /* RxCocoa in Frameworks */ = {isa = PBXBuildFile; productRef = A4A523BB2747B68E006B22F9 /* RxCocoa */; };
		A4A523BE2747B68E006B22F9 /* RxSwift in Frameworks */ = {isa = PBXBuildFile; productRef = A4A523BD2747B68E006B22F9 /* RxSwift */; };
		A4A523DC2747CDB3006B22F9 /* NetworkingApi.swift in Sources */ = {isa = PBXBuildFile; fileRef = A4A523D22747CDB2006B22F9 /* NetworkingApi.swift */; };
		A4A523DD2747CDB3006B22F9 /* Repo.swift in Sources */ = {isa = PBXBuildFile; fileRef = A4A523D42747CDB2006B22F9 /* Repo.swift */; };
		A4A523DE2747CDB3006B22F9 /* ActivityIndicator.swift in Sources */ = {isa = PBXBuildFile; fileRef = A4A523D62747CDB2006B22F9 /* ActivityIndicator.swift */; };
		A4A523DF2747CDB3006B22F9 /* ViewModelType.swift in Sources */ = {isa = PBXBuildFile; fileRef = A4A523D72747CDB2006B22F9 /* ViewModelType.swift */; };
		A4A523E02747CDB3006B22F9 /* UIViewController+Rx.swift in Sources */ = {isa = PBXBuildFile; fileRef = A4A523D82747CDB2006B22F9 /* UIViewController+Rx.swift */; };
		A4A523E12747CDB3006B22F9 /* ReposViewController.swift in Sources */ = {isa = PBXBuildFile; fileRef = A4A523DA2747CDB3006B22F9 /* ReposViewController.swift */; };
		A4A523E22747CDB3006B22F9 /* ReposViewModel.swift in Sources */ = {isa = PBXBuildFile; fileRef = A4A523DB2747CDB3006B22F9 /* ReposViewModel.swift */; };
		A4A523E4274887CA006B22F9 /* VideoRecorderViewController.swift in Sources */ = {isa = PBXBuildFile; fileRef = A4A523E3274887CA006B22F9 /* VideoRecorderViewController.swift */; };
		A4A523E827488884006B22F9 /* VideoRecorderViewModel.swift in Sources */ = {isa = PBXBuildFile; fileRef = A4A523E727488884006B22F9 /* VideoRecorderViewModel.swift */; };
		A4A523EB27488947006B22F9 /* AVFoundation.framework in Frameworks */ = {isa = PBXBuildFile; fileRef = A4A523EA27488947006B22F9 /* AVFoundation.framework */; };
		A4A523ED27488B30006B22F9 /* UIKit.framework in Frameworks */ = {isa = PBXBuildFile; fileRef = A4A523EC27488B30006B22F9 /* UIKit.framework */; };
		A4A523EF2748A483006B22F9 /* RxExtension.swift in Sources */ = {isa = PBXBuildFile; fileRef = A4A523EE2748A483006B22F9 /* RxExtension.swift */; };
		A4A523F12748B400006B22F9 /* Extension.swift in Sources */ = {isa = PBXBuildFile; fileRef = A4A523F02748B400006B22F9 /* Extension.swift */; };
		A4A523F42749D40F006B22F9 /* CameraPreview.swift in Sources */ = {isa = PBXBuildFile; fileRef = A4A523F32749D40F006B22F9 /* CameraPreview.swift */; };
		A4A523F7274A02C2006B22F9 /* CaptureManager.swift in Sources */ = {isa = PBXBuildFile; fileRef = A4A523F6274A02C2006B22F9 /* CaptureManager.swift */; };
		A4A523F9274A0ABA006B22F9 /* CaptureButtonsView.xib in Resources */ = {isa = PBXBuildFile; fileRef = A4A523F8274A0ABA006B22F9 /* CaptureButtonsView.xib */; };
		A4A523FB274A0AC8006B22F9 /* CaptureButtonsView.swift in Sources */ = {isa = PBXBuildFile; fileRef = A4A523FA274A0AC8006B22F9 /* CaptureButtonsView.swift */; };
		A4DDBEE9274B31F4009199FC /* CaptureEncoder.swift in Sources */ = {isa = PBXBuildFile; fileRef = A4DDBEE8274B31F4009199FC /* CaptureEncoder.swift */; };
		A4DDBEEB274CABB5009199FC /* FormatListViewController.swift in Sources */ = {isa = PBXBuildFile; fileRef = A4DDBEEA274CABB5009199FC /* FormatListViewController.swift */; };
		A4DDBEEE274D07B8009199FC /* RxDataSources in Frameworks */ = {isa = PBXBuildFile; productRef = A4DDBEED274D07B8009199FC /* RxDataSources */; };
		A4DDBEF0274D37FD009199FC /* MySection.swift in Sources */ = {isa = PBXBuildFile; fileRef = A4DDBEEF274D37FD009199FC /* MySection.swift */; };
		A4DDBEF2274D38AE009199FC /* FormatListViewModel.swift in Sources */ = {isa = PBXBuildFile; fileRef = A4DDBEF1274D38AE009199FC /* FormatListViewModel.swift */; };
		A4DDBEF4274DCBF5009199FC /* LocalDeviceFormat.swift in Sources */ = {isa = PBXBuildFile; fileRef = A4DDBEF3274DCBF5009199FC /* LocalDeviceFormat.swift */; };
/* End PBXBuildFile section */

/* Begin PBXContainerItemProxy section */
		A4A5239C2747B344006B22F9 /* PBXContainerItemProxy */ = {
			isa = PBXContainerItemProxy;
			containerPortal = A4A5237D2747B33E006B22F9 /* Project object */;
			proxyType = 1;
			remoteGlobalIDString = A4A523842747B33E006B22F9;
			remoteInfo = TeleprompterRecorder;
		};
		A4A523A62747B344006B22F9 /* PBXContainerItemProxy */ = {
			isa = PBXContainerItemProxy;
			containerPortal = A4A5237D2747B33E006B22F9 /* Project object */;
			proxyType = 1;
			remoteGlobalIDString = A4A523842747B33E006B22F9;
			remoteInfo = TeleprompterRecorder;
		};
/* End PBXContainerItemProxy section */

/* Begin PBXFileReference section */
		A4A523852747B33E006B22F9 /* TeleprompterRecorder.app */ = {isa = PBXFileReference; explicitFileType = wrapper.application; includeInIndex = 0; path = TeleprompterRecorder.app; sourceTree = BUILT_PRODUCTS_DIR; };
		A4A523882747B33E006B22F9 /* AppDelegate.swift */ = {isa = PBXFileReference; lastKnownFileType = sourcecode.swift; path = AppDelegate.swift; sourceTree = "<group>"; };
		A4A5238A2747B33E006B22F9 /* SceneDelegate.swift */ = {isa = PBXFileReference; lastKnownFileType = sourcecode.swift; path = SceneDelegate.swift; sourceTree = "<group>"; };
		A4A5238F2747B33E006B22F9 /* Base */ = {isa = PBXFileReference; lastKnownFileType = file.storyboard; name = Base; path = Base.lproj/Main.storyboard; sourceTree = "<group>"; };
		A4A523912747B343006B22F9 /* Assets.xcassets */ = {isa = PBXFileReference; lastKnownFileType = folder.assetcatalog; path = Assets.xcassets; sourceTree = "<group>"; };
		A4A523942747B343006B22F9 /* Base */ = {isa = PBXFileReference; lastKnownFileType = file.storyboard; name = Base; path = Base.lproj/LaunchScreen.storyboard; sourceTree = "<group>"; };
		A4A523962747B343006B22F9 /* Info.plist */ = {isa = PBXFileReference; lastKnownFileType = text.plist.xml; path = Info.plist; sourceTree = "<group>"; };
		A4A5239B2747B344006B22F9 /* TeleprompterRecorderTests.xctest */ = {isa = PBXFileReference; explicitFileType = wrapper.cfbundle; includeInIndex = 0; path = TeleprompterRecorderTests.xctest; sourceTree = BUILT_PRODUCTS_DIR; };
		A4A5239F2747B344006B22F9 /* TeleprompterRecorderTests.swift */ = {isa = PBXFileReference; lastKnownFileType = sourcecode.swift; path = TeleprompterRecorderTests.swift; sourceTree = "<group>"; };
		A4A523A52747B344006B22F9 /* TeleprompterRecorderUITests.xctest */ = {isa = PBXFileReference; explicitFileType = wrapper.cfbundle; includeInIndex = 0; path = TeleprompterRecorderUITests.xctest; sourceTree = BUILT_PRODUCTS_DIR; };
		A4A523A92747B344006B22F9 /* TeleprompterRecorderUITests.swift */ = {isa = PBXFileReference; lastKnownFileType = sourcecode.swift; path = TeleprompterRecorderUITests.swift; sourceTree = "<group>"; };
		A4A523AB2747B344006B22F9 /* TeleprompterRecorderUITestsLaunchTests.swift */ = {isa = PBXFileReference; lastKnownFileType = sourcecode.swift; path = TeleprompterRecorderUITestsLaunchTests.swift; sourceTree = "<group>"; };
		A4A523D22747CDB2006B22F9 /* NetworkingApi.swift */ = {isa = PBXFileReference; fileEncoding = 4; lastKnownFileType = sourcecode.swift; path = NetworkingApi.swift; sourceTree = "<group>"; };
		A4A523D42747CDB2006B22F9 /* Repo.swift */ = {isa = PBXFileReference; fileEncoding = 4; lastKnownFileType = sourcecode.swift; path = Repo.swift; sourceTree = "<group>"; };
		A4A523D62747CDB2006B22F9 /* ActivityIndicator.swift */ = {isa = PBXFileReference; fileEncoding = 4; lastKnownFileType = sourcecode.swift; path = ActivityIndicator.swift; sourceTree = "<group>"; };
		A4A523D72747CDB2006B22F9 /* ViewModelType.swift */ = {isa = PBXFileReference; fileEncoding = 4; lastKnownFileType = sourcecode.swift; path = ViewModelType.swift; sourceTree = "<group>"; };
		A4A523D82747CDB2006B22F9 /* UIViewController+Rx.swift */ = {isa = PBXFileReference; fileEncoding = 4; lastKnownFileType = sourcecode.swift; path = "UIViewController+Rx.swift"; sourceTree = "<group>"; };
		A4A523DA2747CDB3006B22F9 /* ReposViewController.swift */ = {isa = PBXFileReference; fileEncoding = 4; lastKnownFileType = sourcecode.swift; path = ReposViewController.swift; sourceTree = "<group>"; };
		A4A523DB2747CDB3006B22F9 /* ReposViewModel.swift */ = {isa = PBXFileReference; fileEncoding = 4; lastKnownFileType = sourcecode.swift; path = ReposViewModel.swift; sourceTree = "<group>"; };
		A4A523E3274887CA006B22F9 /* VideoRecorderViewController.swift */ = {isa = PBXFileReference; lastKnownFileType = sourcecode.swift; path = VideoRecorderViewController.swift; sourceTree = "<group>"; };
		A4A523E727488884006B22F9 /* VideoRecorderViewModel.swift */ = {isa = PBXFileReference; lastKnownFileType = sourcecode.swift; path = VideoRecorderViewModel.swift; sourceTree = "<group>"; };
		A4A523EA27488947006B22F9 /* AVFoundation.framework */ = {isa = PBXFileReference; lastKnownFileType = wrapper.framework; name = AVFoundation.framework; path = System/Library/Frameworks/AVFoundation.framework; sourceTree = SDKROOT; };
		A4A523EC27488B30006B22F9 /* UIKit.framework */ = {isa = PBXFileReference; lastKnownFileType = wrapper.framework; name = UIKit.framework; path = System/Library/Frameworks/UIKit.framework; sourceTree = SDKROOT; };
		A4A523EE2748A483006B22F9 /* RxExtension.swift */ = {isa = PBXFileReference; lastKnownFileType = sourcecode.swift; path = RxExtension.swift; sourceTree = "<group>"; };
		A4A523F02748B400006B22F9 /* Extension.swift */ = {isa = PBXFileReference; lastKnownFileType = sourcecode.swift; path = Extension.swift; sourceTree = "<group>"; };
		A4A523F32749D40F006B22F9 /* CameraPreview.swift */ = {isa = PBXFileReference; lastKnownFileType = sourcecode.swift; path = CameraPreview.swift; sourceTree = "<group>"; };
		A4A523F6274A02C2006B22F9 /* CaptureManager.swift */ = {isa = PBXFileReference; lastKnownFileType = sourcecode.swift; path = CaptureManager.swift; sourceTree = "<group>"; };
		A4A523F8274A0ABA006B22F9 /* CaptureButtonsView.xib */ = {isa = PBXFileReference; lastKnownFileType = file.xib; path = CaptureButtonsView.xib; sourceTree = "<group>"; };
		A4A523FA274A0AC8006B22F9 /* CaptureButtonsView.swift */ = {isa = PBXFileReference; lastKnownFileType = sourcecode.swift; path = CaptureButtonsView.swift; sourceTree = "<group>"; };
		A4DDBEE8274B31F4009199FC /* CaptureEncoder.swift */ = {isa = PBXFileReference; lastKnownFileType = sourcecode.swift; path = CaptureEncoder.swift; sourceTree = "<group>"; };
		A4DDBEEA274CABB5009199FC /* FormatListViewController.swift */ = {isa = PBXFileReference; lastKnownFileType = sourcecode.swift; path = FormatListViewController.swift; sourceTree = "<group>"; };
		A4DDBEEF274D37FD009199FC /* MySection.swift */ = {isa = PBXFileReference; lastKnownFileType = sourcecode.swift; path = MySection.swift; sourceTree = "<group>"; };
		A4DDBEF1274D38AE009199FC /* FormatListViewModel.swift */ = {isa = PBXFileReference; lastKnownFileType = sourcecode.swift; path = FormatListViewModel.swift; sourceTree = "<group>"; };
		A4DDBEF3274DCBF5009199FC /* LocalDeviceFormat.swift */ = {isa = PBXFileReference; lastKnownFileType = sourcecode.swift; path = LocalDeviceFormat.swift; sourceTree = "<group>"; };
/* End PBXFileReference section */

/* Begin PBXFrameworksBuildPhase section */
		A4A523822747B33E006B22F9 /* Frameworks */ = {
			isa = PBXFrameworksBuildPhase;
			buildActionMask = 2147483647;
			files = (
				A4A523EB27488947006B22F9 /* AVFoundation.framework in Frameworks */,
				A4A523BE2747B68E006B22F9 /* RxSwift in Frameworks */,
				A4A523BC2747B68E006B22F9 /* RxCocoa in Frameworks */,
				A4DDBEEE274D07B8009199FC /* RxDataSources in Frameworks */,
				A4A523BA2747B68E006B22F9 /* RxBlocking in Frameworks */,
				A4A523ED27488B30006B22F9 /* UIKit.framework in Frameworks */,
			);
			runOnlyForDeploymentPostprocessing = 0;
		};
		A4A523982747B344006B22F9 /* Frameworks */ = {
			isa = PBXFrameworksBuildPhase;
			buildActionMask = 2147483647;
			files = (
			);
			runOnlyForDeploymentPostprocessing = 0;
		};
		A4A523A22747B344006B22F9 /* Frameworks */ = {
			isa = PBXFrameworksBuildPhase;
			buildActionMask = 2147483647;
			files = (
			);
			runOnlyForDeploymentPostprocessing = 0;
		};
/* End PBXFrameworksBuildPhase section */

/* Begin PBXGroup section */
		A4A5237C2747B33E006B22F9 = {
			isa = PBXGroup;
			children = (
				A4A523872747B33E006B22F9 /* TeleprompterRecorder */,
				A4A5239E2747B344006B22F9 /* TeleprompterRecorderTests */,
				A4A523A82747B344006B22F9 /* TeleprompterRecorderUITests */,
				A4A523862747B33E006B22F9 /* Products */,
				A4A523E927488947006B22F9 /* Frameworks */,
			);
			sourceTree = "<group>";
		};
		A4A523862747B33E006B22F9 /* Products */ = {
			isa = PBXGroup;
			children = (
				A4A523852747B33E006B22F9 /* TeleprompterRecorder.app */,
				A4A5239B2747B344006B22F9 /* TeleprompterRecorderTests.xctest */,
				A4A523A52747B344006B22F9 /* TeleprompterRecorderUITests.xctest */,
			);
			name = Products;
			sourceTree = "<group>";
		};
		A4A523872747B33E006B22F9 /* TeleprompterRecorder */ = {
			isa = PBXGroup;
			children = (
				A4F2F809275F87E800291618 /* Resource */,
				A4A523F22749D3F1006B22F9 /* View */,
				A4A523E62748884B006B22F9 /* ViewModel */,
				A4A523E52748883B006B22F9 /* ViewController */,
				A4A523D32747CDB2006B22F9 /* Models */,
				A4A523D52747CDB2006B22F9 /* Utils */,
				A4A523882747B33E006B22F9 /* AppDelegate.swift */,
				A4A5238A2747B33E006B22F9 /* SceneDelegate.swift */,
				A4A5238E2747B33E006B22F9 /* Main.storyboard */,
				A4A523962747B343006B22F9 /* Info.plist */,
			);
			path = TeleprompterRecorder;
			sourceTree = "<group>";
		};
		A4A5239E2747B344006B22F9 /* TeleprompterRecorderTests */ = {
			isa = PBXGroup;
			children = (
				A4A5239F2747B344006B22F9 /* TeleprompterRecorderTests.swift */,
			);
			path = TeleprompterRecorderTests;
			sourceTree = "<group>";
		};
		A4A523A82747B344006B22F9 /* TeleprompterRecorderUITests */ = {
			isa = PBXGroup;
			children = (
				A4A523A92747B344006B22F9 /* TeleprompterRecorderUITests.swift */,
				A4A523AB2747B344006B22F9 /* TeleprompterRecorderUITestsLaunchTests.swift */,
			);
			path = TeleprompterRecorderUITests;
			sourceTree = "<group>";
		};
		A4A523D12747CDB2006B22F9 /* Networking */ = {
			isa = PBXGroup;
			children = (
				A4A523D22747CDB2006B22F9 /* NetworkingApi.swift */,
			);
			path = Networking;
			sourceTree = "<group>";
		};
		A4A523D32747CDB2006B22F9 /* Models */ = {
			isa = PBXGroup;
			children = (
				A4A523D42747CDB2006B22F9 /* Repo.swift */,
				A4DDBEEF274D37FD009199FC /* MySection.swift */,
				A4DDBEF3274DCBF5009199FC /* LocalDeviceFormat.swift */,
			);
			path = Models;
			sourceTree = "<group>";
		};
		A4A523D52747CDB2006B22F9 /* Utils */ = {
			isa = PBXGroup;
			children = (
				A4A523D62747CDB2006B22F9 /* ActivityIndicator.swift */,
				A4A523D72747CDB2006B22F9 /* ViewModelType.swift */,
				A4A523D82747CDB2006B22F9 /* UIViewController+Rx.swift */,
				A4A523EE2748A483006B22F9 /* RxExtension.swift */,
				A4A523F02748B400006B22F9 /* Extension.swift */,
			);
			path = Utils;
			sourceTree = "<group>";
		};
		A4A523E52748883B006B22F9 /* ViewController */ = {
			isa = PBXGroup;
			children = (
				A4A523DA2747CDB3006B22F9 /* ReposViewController.swift */,
				A4A523E3274887CA006B22F9 /* VideoRecorderViewController.swift */,
				A4DDBEEA274CABB5009199FC /* FormatListViewController.swift */,
			);
			path = ViewController;
			sourceTree = "<group>";
		};
		A4A523E62748884B006B22F9 /* ViewModel */ = {
			isa = PBXGroup;
			children = (
				A4A523D12747CDB2006B22F9 /* Networking */,
				A4A523F5274A0297006B22F9 /* Manager */,
				A4A523DB2747CDB3006B22F9 /* ReposViewModel.swift */,
				A4A523E727488884006B22F9 /* VideoRecorderViewModel.swift */,
				A4DDBEF1274D38AE009199FC /* FormatListViewModel.swift */,
			);
			path = ViewModel;
			sourceTree = "<group>";
		};
		A4A523E927488947006B22F9 /* Frameworks */ = {
			isa = PBXGroup;
			children = (
				A4A523EC27488B30006B22F9 /* UIKit.framework */,
				A4A523EA27488947006B22F9 /* AVFoundation.framework */,
			);
			name = Frameworks;
			sourceTree = "<group>";
		};
		A4A523F22749D3F1006B22F9 /* View */ = {
			isa = PBXGroup;
			children = (
				A4A523F32749D40F006B22F9 /* CameraPreview.swift */,
				A4A523F8274A0ABA006B22F9 /* CaptureButtonsView.xib */,
				A4A523FA274A0AC8006B22F9 /* CaptureButtonsView.swift */,
			);
			path = View;
			sourceTree = "<group>";
		};
		A4A523F5274A0297006B22F9 /* Manager */ = {
			isa = PBXGroup;
			children = (
				A4A523F6274A02C2006B22F9 /* CaptureManager.swift */,
				A4DDBEE8274B31F4009199FC /* CaptureEncoder.swift */,
			);
			path = Manager;
			sourceTree = "<group>";
		};
		A4F2F809275F87E800291618 /* Resource */ = {
			isa = PBXGroup;
			children = (
				A4A523912747B343006B22F9 /* Assets.xcassets */,
				A4A523932747B343006B22F9 /* LaunchScreen.storyboard */,
			);
			path = Resource;
			sourceTree = "<group>";
		};
/* End PBXGroup section */

/* Begin PBXNativeTarget section */
		A4A523842747B33E006B22F9 /* TeleprompterRecorder */ = {
			isa = PBXNativeTarget;
			buildConfigurationList = A4A523AF2747B344006B22F9 /* Build configuration list for PBXNativeTarget "TeleprompterRecorder" */;
			buildPhases = (
				A4A523812747B33E006B22F9 /* Sources */,
				A4A523822747B33E006B22F9 /* Frameworks */,
				A4A523832747B33E006B22F9 /* Resources */,
			);
			buildRules = (
			);
			dependencies = (
			);
			name = TeleprompterRecorder;
			packageProductDependencies = (
				A4A523B92747B68E006B22F9 /* RxBlocking */,
				A4A523BB2747B68E006B22F9 /* RxCocoa */,
				A4A523BD2747B68E006B22F9 /* RxSwift */,
				A4DDBEED274D07B8009199FC /* RxDataSources */,
			);
			productName = TeleprompterRecorder;
			productReference = A4A523852747B33E006B22F9 /* TeleprompterRecorder.app */;
			productType = "com.apple.product-type.application";
		};
		A4A5239A2747B344006B22F9 /* TeleprompterRecorderTests */ = {
			isa = PBXNativeTarget;
			buildConfigurationList = A4A523B22747B344006B22F9 /* Build configuration list for PBXNativeTarget "TeleprompterRecorderTests" */;
			buildPhases = (
				A4A523972747B344006B22F9 /* Sources */,
				A4A523982747B344006B22F9 /* Frameworks */,
				A4A523992747B344006B22F9 /* Resources */,
			);
			buildRules = (
			);
			dependencies = (
				A4A5239D2747B344006B22F9 /* PBXTargetDependency */,
			);
			name = TeleprompterRecorderTests;
			productName = TeleprompterRecorderTests;
			productReference = A4A5239B2747B344006B22F9 /* TeleprompterRecorderTests.xctest */;
			productType = "com.apple.product-type.bundle.unit-test";
		};
		A4A523A42747B344006B22F9 /* TeleprompterRecorderUITests */ = {
			isa = PBXNativeTarget;
			buildConfigurationList = A4A523B52747B344006B22F9 /* Build configuration list for PBXNativeTarget "TeleprompterRecorderUITests" */;
			buildPhases = (
				A4A523A12747B344006B22F9 /* Sources */,
				A4A523A22747B344006B22F9 /* Frameworks */,
				A4A523A32747B344006B22F9 /* Resources */,
			);
			buildRules = (
			);
			dependencies = (
				A4A523A72747B344006B22F9 /* PBXTargetDependency */,
			);
			name = TeleprompterRecorderUITests;
			productName = TeleprompterRecorderUITests;
			productReference = A4A523A52747B344006B22F9 /* TeleprompterRecorderUITests.xctest */;
			productType = "com.apple.product-type.bundle.ui-testing";
		};
/* End PBXNativeTarget section */

/* Begin PBXProject section */
		A4A5237D2747B33E006B22F9 /* Project object */ = {
			isa = PBXProject;
			attributes = {
				BuildIndependentTargetsInParallel = 1;
				LastSwiftUpdateCheck = 1300;
				LastUpgradeCheck = 1300;
				TargetAttributes = {
					A4A523842747B33E006B22F9 = {
						CreatedOnToolsVersion = 13.0;
					};
					A4A5239A2747B344006B22F9 = {
						CreatedOnToolsVersion = 13.0;
						TestTargetID = A4A523842747B33E006B22F9;
					};
					A4A523A42747B344006B22F9 = {
						CreatedOnToolsVersion = 13.0;
						TestTargetID = A4A523842747B33E006B22F9;
					};
				};
			};
			buildConfigurationList = A4A523802747B33E006B22F9 /* Build configuration list for PBXProject "TeleprompterRecorder" */;
			compatibilityVersion = "Xcode 13.0";
			developmentRegion = en;
			hasScannedForEncodings = 0;
			knownRegions = (
				en,
				Base,
			);
			mainGroup = A4A5237C2747B33E006B22F9;
			packageReferences = (
				A4A523B82747B68E006B22F9 /* XCRemoteSwiftPackageReference "RxSwift" */,
				A4DDBEEC274D07B8009199FC /* XCRemoteSwiftPackageReference "RxDataSources" */,
			);
			productRefGroup = A4A523862747B33E006B22F9 /* Products */;
			projectDirPath = "";
			projectRoot = "";
			targets = (
				A4A523842747B33E006B22F9 /* TeleprompterRecorder */,
				A4A5239A2747B344006B22F9 /* TeleprompterRecorderTests */,
				A4A523A42747B344006B22F9 /* TeleprompterRecorderUITests */,
			);
		};
/* End PBXProject section */

/* Begin PBXResourcesBuildPhase section */
		A4A523832747B33E006B22F9 /* Resources */ = {
			isa = PBXResourcesBuildPhase;
			buildActionMask = 2147483647;
			files = (
				A4A523952747B343006B22F9 /* LaunchScreen.storyboard in Resources */,
				A4A523F9274A0ABA006B22F9 /* CaptureButtonsView.xib in Resources */,
				A4A523922747B343006B22F9 /* Assets.xcassets in Resources */,
				A4A523902747B33E006B22F9 /* Main.storyboard in Resources */,
			);
			runOnlyForDeploymentPostprocessing = 0;
		};
		A4A523992747B344006B22F9 /* Resources */ = {
			isa = PBXResourcesBuildPhase;
			buildActionMask = 2147483647;
			files = (
			);
			runOnlyForDeploymentPostprocessing = 0;
		};
		A4A523A32747B344006B22F9 /* Resources */ = {
			isa = PBXResourcesBuildPhase;
			buildActionMask = 2147483647;
			files = (
			);
			runOnlyForDeploymentPostprocessing = 0;
		};
/* End PBXResourcesBuildPhase section */

/* Begin PBXSourcesBuildPhase section */
		A4A523812747B33E006B22F9 /* Sources */ = {
			isa = PBXSourcesBuildPhase;
			buildActionMask = 2147483647;
			files = (
				A4A523E12747CDB3006B22F9 /* ReposViewController.swift in Sources */,
				A4A523FB274A0AC8006B22F9 /* CaptureButtonsView.swift in Sources */,
				A4DDBEE9274B31F4009199FC /* CaptureEncoder.swift in Sources */,
				A4A523DC2747CDB3006B22F9 /* NetworkingApi.swift in Sources */,
				A4A523E827488884006B22F9 /* VideoRecorderViewModel.swift in Sources */,
				A4DDBEEB274CABB5009199FC /* FormatListViewController.swift in Sources */,
				A4A523F42749D40F006B22F9 /* CameraPreview.swift in Sources */,
				A4A523DD2747CDB3006B22F9 /* Repo.swift in Sources */,
				A4A523892747B33E006B22F9 /* AppDelegate.swift in Sources */,
				A4DDBEF4274DCBF5009199FC /* LocalDeviceFormat.swift in Sources */,
				A4A523E4274887CA006B22F9 /* VideoRecorderViewController.swift in Sources */,
				A4A523DE2747CDB3006B22F9 /* ActivityIndicator.swift in Sources */,
				A4DDBEF0274D37FD009199FC /* MySection.swift in Sources */,
				A4A523EF2748A483006B22F9 /* RxExtension.swift in Sources */,
				A4DDBEF2274D38AE009199FC /* FormatListViewModel.swift in Sources */,
				A4A523E22747CDB3006B22F9 /* ReposViewModel.swift in Sources */,
				A4A523F12748B400006B22F9 /* Extension.swift in Sources */,
				A4A5238B2747B33E006B22F9 /* SceneDelegate.swift in Sources */,
				A4A523E02747CDB3006B22F9 /* UIViewController+Rx.swift in Sources */,
				A4A523DF2747CDB3006B22F9 /* ViewModelType.swift in Sources */,
				A4A523F7274A02C2006B22F9 /* CaptureManager.swift in Sources */,
			);
			runOnlyForDeploymentPostprocessing = 0;
		};
		A4A523972747B344006B22F9 /* Sources */ = {
			isa = PBXSourcesBuildPhase;
			buildActionMask = 2147483647;
			files = (
				A4A523A02747B344006B22F9 /* TeleprompterRecorderTests.swift in Sources */,
			);
			runOnlyForDeploymentPostprocessing = 0;
		};
		A4A523A12747B344006B22F9 /* Sources */ = {
			isa = PBXSourcesBuildPhase;
			buildActionMask = 2147483647;
			files = (
				A4A523AA2747B344006B22F9 /* TeleprompterRecorderUITests.swift in Sources */,
				A4A523AC2747B344006B22F9 /* TeleprompterRecorderUITestsLaunchTests.swift in Sources */,
			);
			runOnlyForDeploymentPostprocessing = 0;
		};
/* End PBXSourcesBuildPhase section */

/* Begin PBXTargetDependency section */
		A4A5239D2747B344006B22F9 /* PBXTargetDependency */ = {
			isa = PBXTargetDependency;
			target = A4A523842747B33E006B22F9 /* TeleprompterRecorder */;
			targetProxy = A4A5239C2747B344006B22F9 /* PBXContainerItemProxy */;
		};
		A4A523A72747B344006B22F9 /* PBXTargetDependency */ = {
			isa = PBXTargetDependency;
			target = A4A523842747B33E006B22F9 /* TeleprompterRecorder */;
			targetProxy = A4A523A62747B344006B22F9 /* PBXContainerItemProxy */;
		};
/* End PBXTargetDependency section */

/* Begin PBXVariantGroup section */
		A4A5238E2747B33E006B22F9 /* Main.storyboard */ = {
			isa = PBXVariantGroup;
			children = (
				A4A5238F2747B33E006B22F9 /* Base */,
			);
			name = Main.storyboard;
			sourceTree = "<group>";
		};
		A4A523932747B343006B22F9 /* LaunchScreen.storyboard */ = {
			isa = PBXVariantGroup;
			children = (
				A4A523942747B343006B22F9 /* Base */,
			);
			name = LaunchScreen.storyboard;
			sourceTree = "<group>";
		};
/* End PBXVariantGroup section */

/* Begin XCBuildConfiguration section */
		A4A523AD2747B344006B22F9 /* Debug */ = {
			isa = XCBuildConfiguration;
			buildSettings = {
				ALWAYS_SEARCH_USER_PATHS = NO;
				CLANG_ANALYZER_NONNULL = YES;
				CLANG_ANALYZER_NUMBER_OBJECT_CONVERSION = YES_AGGRESSIVE;
				CLANG_CXX_LANGUAGE_STANDARD = "gnu++17";
				CLANG_CXX_LIBRARY = "libc++";
				CLANG_ENABLE_MODULES = YES;
				CLANG_ENABLE_OBJC_ARC = YES;
				CLANG_ENABLE_OBJC_WEAK = YES;
				CLANG_WARN_BLOCK_CAPTURE_AUTORELEASING = YES;
				CLANG_WARN_BOOL_CONVERSION = YES;
				CLANG_WARN_COMMA = YES;
				CLANG_WARN_CONSTANT_CONVERSION = YES;
				CLANG_WARN_DEPRECATED_OBJC_IMPLEMENTATIONS = YES;
				CLANG_WARN_DIRECT_OBJC_ISA_USAGE = YES_ERROR;
				CLANG_WARN_DOCUMENTATION_COMMENTS = YES;
				CLANG_WARN_EMPTY_BODY = YES;
				CLANG_WARN_ENUM_CONVERSION = YES;
				CLANG_WARN_INFINITE_RECURSION = YES;
				CLANG_WARN_INT_CONVERSION = YES;
				CLANG_WARN_NON_LITERAL_NULL_CONVERSION = YES;
				CLANG_WARN_OBJC_IMPLICIT_RETAIN_SELF = YES;
				CLANG_WARN_OBJC_LITERAL_CONVERSION = YES;
				CLANG_WARN_OBJC_ROOT_CLASS = YES_ERROR;
				CLANG_WARN_QUOTED_INCLUDE_IN_FRAMEWORK_HEADER = YES;
				CLANG_WARN_RANGE_LOOP_ANALYSIS = YES;
				CLANG_WARN_STRICT_PROTOTYPES = YES;
				CLANG_WARN_SUSPICIOUS_MOVE = YES;
				CLANG_WARN_UNGUARDED_AVAILABILITY = YES_AGGRESSIVE;
				CLANG_WARN_UNREACHABLE_CODE = YES;
				CLANG_WARN__DUPLICATE_METHOD_MATCH = YES;
				COPY_PHASE_STRIP = NO;
				DEBUG_INFORMATION_FORMAT = dwarf;
				ENABLE_STRICT_OBJC_MSGSEND = YES;
				ENABLE_TESTABILITY = YES;
				GCC_C_LANGUAGE_STANDARD = gnu11;
				GCC_DYNAMIC_NO_PIC = NO;
				GCC_NO_COMMON_BLOCKS = YES;
				GCC_OPTIMIZATION_LEVEL = 0;
				GCC_PREPROCESSOR_DEFINITIONS = (
					"DEBUG=1",
					"$(inherited)",
				);
				GCC_WARN_64_TO_32_BIT_CONVERSION = YES;
				GCC_WARN_ABOUT_RETURN_TYPE = YES_ERROR;
				GCC_WARN_UNDECLARED_SELECTOR = YES;
				GCC_WARN_UNINITIALIZED_AUTOS = YES_AGGRESSIVE;
				GCC_WARN_UNUSED_FUNCTION = YES;
				GCC_WARN_UNUSED_VARIABLE = YES;
				IPHONEOS_DEPLOYMENT_TARGET = 15.0;
				MTL_ENABLE_DEBUG_INFO = INCLUDE_SOURCE;
				MTL_FAST_MATH = YES;
				ONLY_ACTIVE_ARCH = YES;
				SDKROOT = iphoneos;
				SWIFT_ACTIVE_COMPILATION_CONDITIONS = DEBUG;
				SWIFT_OPTIMIZATION_LEVEL = "-Onone";
			};
			name = Debug;
		};
		A4A523AE2747B344006B22F9 /* Release */ = {
			isa = XCBuildConfiguration;
			buildSettings = {
				ALWAYS_SEARCH_USER_PATHS = NO;
				CLANG_ANALYZER_NONNULL = YES;
				CLANG_ANALYZER_NUMBER_OBJECT_CONVERSION = YES_AGGRESSIVE;
				CLANG_CXX_LANGUAGE_STANDARD = "gnu++17";
				CLANG_CXX_LIBRARY = "libc++";
				CLANG_ENABLE_MODULES = YES;
				CLANG_ENABLE_OBJC_ARC = YES;
				CLANG_ENABLE_OBJC_WEAK = YES;
				CLANG_WARN_BLOCK_CAPTURE_AUTORELEASING = YES;
				CLANG_WARN_BOOL_CONVERSION = YES;
				CLANG_WARN_COMMA = YES;
				CLANG_WARN_CONSTANT_CONVERSION = YES;
				CLANG_WARN_DEPRECATED_OBJC_IMPLEMENTATIONS = YES;
				CLANG_WARN_DIRECT_OBJC_ISA_USAGE = YES_ERROR;
				CLANG_WARN_DOCUMENTATION_COMMENTS = YES;
				CLANG_WARN_EMPTY_BODY = YES;
				CLANG_WARN_ENUM_CONVERSION = YES;
				CLANG_WARN_INFINITE_RECURSION = YES;
				CLANG_WARN_INT_CONVERSION = YES;
				CLANG_WARN_NON_LITERAL_NULL_CONVERSION = YES;
				CLANG_WARN_OBJC_IMPLICIT_RETAIN_SELF = YES;
				CLANG_WARN_OBJC_LITERAL_CONVERSION = YES;
				CLANG_WARN_OBJC_ROOT_CLASS = YES_ERROR;
				CLANG_WARN_QUOTED_INCLUDE_IN_FRAMEWORK_HEADER = YES;
				CLANG_WARN_RANGE_LOOP_ANALYSIS = YES;
				CLANG_WARN_STRICT_PROTOTYPES = YES;
				CLANG_WARN_SUSPICIOUS_MOVE = YES;
				CLANG_WARN_UNGUARDED_AVAILABILITY = YES_AGGRESSIVE;
				CLANG_WARN_UNREACHABLE_CODE = YES;
				CLANG_WARN__DUPLICATE_METHOD_MATCH = YES;
				COPY_PHASE_STRIP = NO;
				DEBUG_INFORMATION_FORMAT = "dwarf-with-dsym";
				ENABLE_NS_ASSERTIONS = NO;
				ENABLE_STRICT_OBJC_MSGSEND = YES;
				GCC_C_LANGUAGE_STANDARD = gnu11;
				GCC_NO_COMMON_BLOCKS = YES;
				GCC_WARN_64_TO_32_BIT_CONVERSION = YES;
				GCC_WARN_ABOUT_RETURN_TYPE = YES_ERROR;
				GCC_WARN_UNDECLARED_SELECTOR = YES;
				GCC_WARN_UNINITIALIZED_AUTOS = YES_AGGRESSIVE;
				GCC_WARN_UNUSED_FUNCTION = YES;
				GCC_WARN_UNUSED_VARIABLE = YES;
				IPHONEOS_DEPLOYMENT_TARGET = 15.0;
				MTL_ENABLE_DEBUG_INFO = NO;
				MTL_FAST_MATH = YES;
				SDKROOT = iphoneos;
				SWIFT_COMPILATION_MODE = wholemodule;
				SWIFT_OPTIMIZATION_LEVEL = "-O";
				VALIDATE_PRODUCT = YES;
			};
			name = Release;
		};
		A4A523B02747B344006B22F9 /* Debug */ = {
			isa = XCBuildConfiguration;
			buildSettings = {
				ASSETCATALOG_COMPILER_APPICON_NAME = AppIcon;
				ASSETCATALOG_COMPILER_GLOBAL_ACCENT_COLOR_NAME = AccentColor;
				CODE_SIGN_STYLE = Automatic;
				CURRENT_PROJECT_VERSION = 1;
				DEVELOPMENT_TEAM = 8NX3GPVDHF;
				GENERATE_INFOPLIST_FILE = YES;
				INFOPLIST_FILE = TeleprompterRecorder/Info.plist;
				INFOPLIST_KEY_NSCameraUsageDescription = "カメラを使用することの許可を求める";
				INFOPLIST_KEY_NSMicrophoneUsageDescription = "マイクを使用することの許可を求める";
				INFOPLIST_KEY_NSPhotoLibraryUsageDescription = "写真ライブラリへのアクセスの許可を求める";
				INFOPLIST_KEY_UIApplicationSupportsIndirectInputEvents = YES;
				INFOPLIST_KEY_UILaunchStoryboardName = LaunchScreen;
				INFOPLIST_KEY_UIMainStoryboardFile = Main;
				INFOPLIST_KEY_UISupportedInterfaceOrientations = "UIInterfaceOrientationPortrait UIInterfaceOrientationLandscapeLeft UIInterfaceOrientationLandscapeRight";
				INFOPLIST_KEY_UISupportedInterfaceOrientations_iPad = "UIInterfaceOrientationPortrait UIInterfaceOrientationPortraitUpsideDown UIInterfaceOrientationLandscapeLeft UIInterfaceOrientationLandscapeRight";
				INFOPLIST_KEY_UISupportedInterfaceOrientations_iPhone = "UIInterfaceOrientationPortrait UIInterfaceOrientationLandscapeLeft UIInterfaceOrientationLandscapeRight";
				IPHONEOS_DEPLOYMENT_TARGET = 13.0;
				LD_RUNPATH_SEARCH_PATHS = (
					"$(inherited)",
					"@executable_path/Frameworks",
				);
				MARKETING_VERSION = 1.0;
				PRODUCT_BUNDLE_IDENTIFIER = enki.TeleprompterRecorder;
				PRODUCT_NAME = "$(TARGET_NAME)";
				SWIFT_EMIT_LOC_STRINGS = YES;
				SWIFT_VERSION = 5.0;
				TARGETED_DEVICE_FAMILY = "1,2";
			};
			name = Debug;
		};
		A4A523B12747B344006B22F9 /* Release */ = {
			isa = XCBuildConfiguration;
			buildSettings = {
				ASSETCATALOG_COMPILER_APPICON_NAME = AppIcon;
				ASSETCATALOG_COMPILER_GLOBAL_ACCENT_COLOR_NAME = AccentColor;
				CODE_SIGN_STYLE = Automatic;
				CURRENT_PROJECT_VERSION = 1;
				DEVELOPMENT_TEAM = 8NX3GPVDHF;
				GENERATE_INFOPLIST_FILE = YES;
				INFOPLIST_FILE = TeleprompterRecorder/Info.plist;
				INFOPLIST_KEY_NSCameraUsageDescription = "カメラを使用することの許可を求める";
				INFOPLIST_KEY_NSMicrophoneUsageDescription = "マイクを使用することの許可を求める";
				INFOPLIST_KEY_NSPhotoLibraryUsageDescription = "写真ライブラリへのアクセスの許可を求める";
				INFOPLIST_KEY_UIApplicationSupportsIndirectInputEvents = YES;
				INFOPLIST_KEY_UILaunchStoryboardName = LaunchScreen;
				INFOPLIST_KEY_UIMainStoryboardFile = Main;
				INFOPLIST_KEY_UISupportedInterfaceOrientations = "UIInterfaceOrientationPortrait UIInterfaceOrientationLandscapeLeft UIInterfaceOrientationLandscapeRight";
				INFOPLIST_KEY_UISupportedInterfaceOrientations_iPad = "UIInterfaceOrientationPortrait UIInterfaceOrientationPortraitUpsideDown UIInterfaceOrientationLandscapeLeft UIInterfaceOrientationLandscapeRight";
				INFOPLIST_KEY_UISupportedInterfaceOrientations_iPhone = "UIInterfaceOrientationPortrait UIInterfaceOrientationLandscapeLeft UIInterfaceOrientationLandscapeRight";
				IPHONEOS_DEPLOYMENT_TARGET = 13.0;
				LD_RUNPATH_SEARCH_PATHS = (
					"$(inherited)",
					"@executable_path/Frameworks",
				);
				MARKETING_VERSION = 1.0;
				PRODUCT_BUNDLE_IDENTIFIER = enki.TeleprompterRecorder;
				PRODUCT_NAME = "$(TARGET_NAME)";
				SWIFT_EMIT_LOC_STRINGS = YES;
				SWIFT_VERSION = 5.0;
				TARGETED_DEVICE_FAMILY = "1,2";
			};
			name = Release;
		};
		A4A523B32747B344006B22F9 /* Debug */ = {
			isa = XCBuildConfiguration;
			buildSettings = {
				ALWAYS_EMBED_SWIFT_STANDARD_LIBRARIES = YES;
				BUNDLE_LOADER = "$(TEST_HOST)";
				CODE_SIGN_STYLE = Automatic;
				CURRENT_PROJECT_VERSION = 1;
				DEVELOPMENT_TEAM = 8NX3GPVDHF;
				GENERATE_INFOPLIST_FILE = YES;
				IPHONEOS_DEPLOYMENT_TARGET = 15.0;
				LD_RUNPATH_SEARCH_PATHS = (
					"$(inherited)",
					"@executable_path/Frameworks",
					"@loader_path/Frameworks",
				);
				MARKETING_VERSION = 1.0;
				PRODUCT_BUNDLE_IDENTIFIER = enki.TeleprompterRecorderTests;
				PRODUCT_NAME = "$(TARGET_NAME)";
				SWIFT_EMIT_LOC_STRINGS = NO;
				SWIFT_VERSION = 5.0;
				TARGETED_DEVICE_FAMILY = "1,2";
				TEST_HOST = "$(BUILT_PRODUCTS_DIR)/TeleprompterRecorder.app/TeleprompterRecorder";
			};
			name = Debug;
		};
		A4A523B42747B344006B22F9 /* Release */ = {
			isa = XCBuildConfiguration;
			buildSettings = {
				ALWAYS_EMBED_SWIFT_STANDARD_LIBRARIES = YES;
				BUNDLE_LOADER = "$(TEST_HOST)";
				CODE_SIGN_STYLE = Automatic;
				CURRENT_PROJECT_VERSION = 1;
				DEVELOPMENT_TEAM = 8NX3GPVDHF;
				GENERATE_INFOPLIST_FILE = YES;
				IPHONEOS_DEPLOYMENT_TARGET = 15.0;
				LD_RUNPATH_SEARCH_PATHS = (
					"$(inherited)",
					"@executable_path/Frameworks",
					"@loader_path/Frameworks",
				);
				MARKETING_VERSION = 1.0;
				PRODUCT_BUNDLE_IDENTIFIER = enki.TeleprompterRecorderTests;
				PRODUCT_NAME = "$(TARGET_NAME)";
				SWIFT_EMIT_LOC_STRINGS = NO;
				SWIFT_VERSION = 5.0;
				TARGETED_DEVICE_FAMILY = "1,2";
				TEST_HOST = "$(BUILT_PRODUCTS_DIR)/TeleprompterRecorder.app/TeleprompterRecorder";
			};
			name = Release;
		};
		A4A523B62747B344006B22F9 /* Debug */ = {
			isa = XCBuildConfiguration;
			buildSettings = {
				ALWAYS_EMBED_SWIFT_STANDARD_LIBRARIES = YES;
				CODE_SIGN_STYLE = Automatic;
				CURRENT_PROJECT_VERSION = 1;
				DEVELOPMENT_TEAM = 8NX3GPVDHF;
				GENERATE_INFOPLIST_FILE = YES;
				LD_RUNPATH_SEARCH_PATHS = (
					"$(inherited)",
					"@executable_path/Frameworks",
					"@loader_path/Frameworks",
				);
				MARKETING_VERSION = 1.0;
				PRODUCT_BUNDLE_IDENTIFIER = enki.TeleprompterRecorderUITests;
				PRODUCT_NAME = "$(TARGET_NAME)";
				SWIFT_EMIT_LOC_STRINGS = NO;
				SWIFT_VERSION = 5.0;
				TARGETED_DEVICE_FAMILY = "1,2";
				TEST_TARGET_NAME = TeleprompterRecorder;
			};
			name = Debug;
		};
		A4A523B72747B344006B22F9 /* Release */ = {
			isa = XCBuildConfiguration;
			buildSettings = {
				ALWAYS_EMBED_SWIFT_STANDARD_LIBRARIES = YES;
				CODE_SIGN_STYLE = Automatic;
				CURRENT_PROJECT_VERSION = 1;
				DEVELOPMENT_TEAM = 8NX3GPVDHF;
				GENERATE_INFOPLIST_FILE = YES;
				LD_RUNPATH_SEARCH_PATHS = (
					"$(inherited)",
					"@executable_path/Frameworks",
					"@loader_path/Frameworks",
				);
				MARKETING_VERSION = 1.0;
				PRODUCT_BUNDLE_IDENTIFIER = enki.TeleprompterRecorderUITests;
				PRODUCT_NAME = "$(TARGET_NAME)";
				SWIFT_EMIT_LOC_STRINGS = NO;
				SWIFT_VERSION = 5.0;
				TARGETED_DEVICE_FAMILY = "1,2";
				TEST_TARGET_NAME = TeleprompterRecorder;
			};
			name = Release;
		};
/* End XCBuildConfiguration section */

/* Begin XCConfigurationList section */
		A4A523802747B33E006B22F9 /* Build configuration list for PBXProject "TeleprompterRecorder" */ = {
			isa = XCConfigurationList;
			buildConfigurations = (
				A4A523AD2747B344006B22F9 /* Debug */,
				A4A523AE2747B344006B22F9 /* Release */,
			);
			defaultConfigurationIsVisible = 0;
			defaultConfigurationName = Release;
		};
		A4A523AF2747B344006B22F9 /* Build configuration list for PBXNativeTarget "TeleprompterRecorder" */ = {
			isa = XCConfigurationList;
			buildConfigurations = (
				A4A523B02747B344006B22F9 /* Debug */,
				A4A523B12747B344006B22F9 /* Release */,
			);
			defaultConfigurationIsVisible = 0;
			defaultConfigurationName = Release;
		};
		A4A523B22747B344006B22F9 /* Build configuration list for PBXNativeTarget "TeleprompterRecorderTests" */ = {
			isa = XCConfigurationList;
			buildConfigurations = (
				A4A523B32747B344006B22F9 /* Debug */,
				A4A523B42747B344006B22F9 /* Release */,
			);
			defaultConfigurationIsVisible = 0;
			defaultConfigurationName = Release;
		};
		A4A523B52747B344006B22F9 /* Build configuration list for PBXNativeTarget "TeleprompterRecorderUITests" */ = {
			isa = XCConfigurationList;
			buildConfigurations = (
				A4A523B62747B344006B22F9 /* Debug */,
				A4A523B72747B344006B22F9 /* Release */,
			);
			defaultConfigurationIsVisible = 0;
			defaultConfigurationName = Release;
		};
/* End XCConfigurationList section */

/* Begin XCRemoteSwiftPackageReference section */
		A4A523B82747B68E006B22F9 /* XCRemoteSwiftPackageReference "RxSwift" */ = {
			isa = XCRemoteSwiftPackageReference;
			repositoryURL = "https://github.com/ReactiveX/RxSwift";
			requirement = {
				kind = upToNextMajorVersion;
				minimumVersion = 6.0.0;
			};
		};
		A4DDBEEC274D07B8009199FC /* XCRemoteSwiftPackageReference "RxDataSources" */ = {
			isa = XCRemoteSwiftPackageReference;
			repositoryURL = "https://github.com/RxSwiftCommunity/RxDataSources";
			requirement = {
				kind = upToNextMajorVersion;
				minimumVersion = 5.0.0;
			};
		};
/* End XCRemoteSwiftPackageReference section */

/* Begin XCSwiftPackageProductDependency section */
		A4A523B92747B68E006B22F9 /* RxBlocking */ = {
			isa = XCSwiftPackageProductDependency;
			package = A4A523B82747B68E006B22F9 /* XCRemoteSwiftPackageReference "RxSwift" */;
			productName = RxBlocking;
		};
		A4A523BB2747B68E006B22F9 /* RxCocoa */ = {
			isa = XCSwiftPackageProductDependency;
			package = A4A523B82747B68E006B22F9 /* XCRemoteSwiftPackageReference "RxSwift" */;
			productName = RxCocoa;
		};
		A4A523BD2747B68E006B22F9 /* RxSwift */ = {
			isa = XCSwiftPackageProductDependency;
			package = A4A523B82747B68E006B22F9 /* XCRemoteSwiftPackageReference "RxSwift" */;
			productName = RxSwift;
		};
		A4DDBEED274D07B8009199FC /* RxDataSources */ = {
			isa = XCSwiftPackageProductDependency;
			package = A4DDBEEC274D07B8009199FC /* XCRemoteSwiftPackageReference "RxDataSources" */;
			productName = RxDataSources;
		};
/* End XCSwiftPackageProductDependency section */
	};
	rootObject = A4A5237D2747B33E006B22F9 /* Project object */;
}
